
Microsoft Visual Studio Solution File, Format Version 12.00
# Visual Studio 15
VisualStudioVersion = 15.0.27130.2003
MinimumVisualStudioVersion = 10.0.40219.1
Project("{8BC9CEB8-8B4A-11D0-8D11-00A0C91BC942}") = "Files Assignment", "Files Assignment\Files Assignment.vcxproj", "{4770B6F1-2284-431B-9364-7F1C8B54CCE2}"
EndProject
Global
	GlobalSection(SolutionConfigurationPlatforms) = preSolution
		Debug|x64 = Debug|x64
		Debug|x86 = Debug|x86
		Release|x64 = Release|x64
		Release|x86 = Release|x86
	EndGlobalSection
	GlobalSection(ProjectConfigurationPlatforms) = postSolution
		{4770B6F1-2284-431B-9364-7F1C8B54CCE2}.Debug|x64.ActiveCfg = Debug|x64
		{4770B6F1-2284-431B-9364-7F1C8B54CCE2}.Debug|x64.Build.0 = Debug|x64
		{4770B6F1-2284-431B-9364-7F1C8B54CCE2}.Debug|x86.ActiveCfg = Debug|Win32
		{4770B6F1-2284-431B-9364-7F1C8B54CCE2}.Debug|x86.Build.0 = Debug|Win32
		{4770B6F1-2284-431B-9364-7F1C8B54CCE2}.Release|x64.ActiveCfg = Release|x64
		{4770B6F1-2284-431B-9364-7F1C8B54CCE2}.Release|x64.Build.0 = Release|x64
		{4770B6F1-2284-431B-9364-7F1C8B54CCE2}.Release|x86.ActiveCfg = Release|Win32
		{4770B6F1-2284-431B-9364-7F1C8B54CCE2}.Release|x86.Build.0 = Release|Win32
	EndGlobalSection
	GlobalSection(SolutionProperties) = preSolution
		HideSolutionNode = FALSE
	EndGlobalSection
	GlobalSection(ExtensibilityGlobals) = postSolution
		SolutionGuid = {155ABE83-BBB8-4BB6-8EAA-02B5241A2777}
	EndGlobalSection
EndGlobal
