
Microsoft Visual Studio Solution File, Format Version 12.00
# Visual Studio 15
VisualStudioVersion = 15.0.28307.271
MinimumVisualStudioVersion = 10.0.40219.1
Project("{8BC9CEB8-8B4A-11D0-8D11-00A0C91BC942}") = "Files Assignment", "Files Assignment\Files Assignment.vcxproj", "{BD02E76F-E348-44DD-B171-B0045D9DDC4F}"
EndProject
Global
	GlobalSection(SolutionConfigurationPlatforms) = preSolution
		Debug|x64 = Debug|x64
		Debug|x86 = Debug|x86
		Release|x64 = Release|x64
		Release|x86 = Release|x86
	EndGlobalSection
	GlobalSection(ProjectConfigurationPlatforms) = postSolution
		{BD02E76F-E348-44DD-B171-B0045D9DDC4F}.Debug|x64.ActiveCfg = Debug|x64
		{BD02E76F-E348-44DD-B171-B0045D9DDC4F}.Debug|x64.Build.0 = Debug|x64
		{BD02E76F-E348-44DD-B171-B0045D9DDC4F}.Debug|x86.ActiveCfg = Debug|Win32
		{BD02E76F-E348-44DD-B171-B0045D9DDC4F}.Debug|x86.Build.0 = Debug|Win32
		{BD02E76F-E348-44DD-B171-B0045D9DDC4F}.Release|x64.ActiveCfg = Release|x64
		{BD02E76F-E348-44DD-B171-B0045D9DDC4F}.Release|x64.Build.0 = Release|x64
		{BD02E76F-E348-44DD-B171-B0045D9DDC4F}.Release|x86.ActiveCfg = Release|Win32
		{BD02E76F-E348-44DD-B171-B0045D9DDC4F}.Release|x86.Build.0 = Release|Win32
	EndGlobalSection
	GlobalSection(SolutionProperties) = preSolution
		HideSolutionNode = FALSE
	EndGlobalSection
	GlobalSection(ExtensibilityGlobals) = postSolution
		SolutionGuid = {3B7A95BE-CC42-4C9E-AD44-8D339B478A95}
	EndGlobalSection
EndGlobal
